
Microsoft Visual Studio Solution File, Format Version 12.00
# Visual Studio Version 17
VisualStudioVersion = 17.0.31903.59
MinimumVisualStudioVersion = 10.0.40219.1
Project("{2150E333-8FDC-42A3-9474-1A3956D46DE8}") = "src", "src", "{43E607E2-0A5D-47EA-A75A-5A26D3A60D7C}"
EndProject
Project("{FAE04EC0-301F-11D3-BF4B-00C04F79EFBC}") = "ConventionBooking.API", "src\ConventionBooking.API\ConventionBooking.API.csproj", "{FE94DF40-5CF5-4ED3-BE72-0471C6875B81}"
EndProject
Global
	GlobalSection(SolutionConfigurationPlatforms) = preSolution
		Debug|Any CPU = Debug|Any CPU
		Release|Any CPU = Release|Any CPU
	EndGlobalSection
	GlobalSection(SolutionProperties) = preSolution
		HideSolutionNode = FALSE
	EndGlobalSection
	GlobalSection(ProjectConfigurationPlatforms) = postSolution
		{FE94DF40-5CF5-4ED3-BE72-0471C6875B81}.Debug|Any CPU.ActiveCfg = Debug|Any CPU
		{FE94DF40-5CF5-4ED3-BE72-0471C6875B81}.Debug|Any CPU.Build.0 = Debug|Any CPU
		{FE94DF40-5CF5-4ED3-BE72-0471C6875B81}.Release|Any CPU.ActiveCfg = Release|Any CPU
		{FE94DF40-5CF5-4ED3-BE72-0471C6875B81}.Release|Any CPU.Build.0 = Release|Any CPU
	EndGlobalSection
	GlobalSection(NestedProjects) = preSolution
		{FE94DF40-5CF5-4ED3-BE72-0471C6875B81} = {43E607E2-0A5D-47EA-A75A-5A26D3A60D7C}
	EndGlobalSection
EndGlobal
